
Microsoft Visual Studio Solution File, Format Version 12.00
# Visual Studio Version 16
VisualStudioVersion = 16.0.31729.503
MinimumVisualStudioVersion = 10.0.40219.1
Project("{8BC9CEB8-8B4A-11D0-8D11-00A0C91BC942}") = "Lab 2_1", "Lab 2_1\Lab 2_1.vcxproj", "{B3665D25-B7C7-49CD-8D75-3C0E4841F203}"
EndProject
Global
	GlobalSection(SolutionConfigurationPlatforms) = preSolution
		Debug|x64 = Debug|x64
		Debug|x86 = Debug|x86
		Release|x64 = Release|x64
		Release|x86 = Release|x86
	EndGlobalSection
	GlobalSection(ProjectConfigurationPlatforms) = postSolution
		{B3665D25-B7C7-49CD-8D75-3C0E4841F203}.Debug|x64.ActiveCfg = Debug|x64
		{B3665D25-B7C7-49CD-8D75-3C0E4841F203}.Debug|x64.Build.0 = Debug|x64
		{B3665D25-B7C7-49CD-8D75-3C0E4841F203}.Debug|x86.ActiveCfg = Debug|Win32
		{B3665D25-B7C7-49CD-8D75-3C0E4841F203}.Debug|x86.Build.0 = Debug|Win32
		{B3665D25-B7C7-49CD-8D75-3C0E4841F203}.Release|x64.ActiveCfg = Release|x64
		{B3665D25-B7C7-49CD-8D75-3C0E4841F203}.Release|x64.Build.0 = Release|x64
		{B3665D25-B7C7-49CD-8D75-3C0E4841F203}.Release|x86.ActiveCfg = Release|Win32
		{B3665D25-B7C7-49CD-8D75-3C0E4841F203}.Release|x86.Build.0 = Release|Win32
	EndGlobalSection
	GlobalSection(SolutionProperties) = preSolution
		HideSolutionNode = FALSE
	EndGlobalSection
	GlobalSection(ExtensibilityGlobals) = postSolution
		SolutionGuid = {CB2D6F64-CF84-4E3D-A66A-B938F8121BE1}
	EndGlobalSection
EndGlobal
