
Microsoft Visual Studio Solution File, Format Version 12.00
# Visual Studio Version 16
VisualStudioVersion = 16.0.31829.152
MinimumVisualStudioVersion = 10.0.40219.1
Project("{888888A0-9F3D-457C-B088-3A5042F75D52}") = "SpaceA", "SpaceA.pyproj", "{423A6D0A-D609-4BC0-9691-0AFE50A3A856}"
EndProject
Global
	GlobalSection(SolutionConfigurationPlatforms) = preSolution
		Debug|Any CPU = Debug|Any CPU
		Release|Any CPU = Release|Any CPU
	EndGlobalSection
	GlobalSection(ProjectConfigurationPlatforms) = postSolution
		{423A6D0A-D609-4BC0-9691-0AFE50A3A856}.Debug|Any CPU.ActiveCfg = Debug|Any CPU
		{423A6D0A-D609-4BC0-9691-0AFE50A3A856}.Release|Any CPU.ActiveCfg = Release|Any CPU
	EndGlobalSection
	GlobalSection(SolutionProperties) = preSolution
		HideSolutionNode = FALSE
	EndGlobalSection
	GlobalSection(ExtensibilityGlobals) = postSolution
		SolutionGuid = {582E61F7-453E-465A-A2A8-BBBBFBC21E95}
	EndGlobalSection
EndGlobal
